// !$*UTF8*$!
{
	archiveVersion = 1;
	classes = {
	};
	objectVersion = 46;
	objects = {

/* Begin PBXBuildFile section */
		CE46CC5A1AF9CD5B0054CF8A /* Room.m in Sources */ = {isa = PBXBuildFile; fileRef = CE46CC591AF9CD5B0054CF8A /* Room.m */; };
		CE46CC5D1AF9CD5C0054CF8A /* Reservation.m in Sources */ = {isa = PBXBuildFile; fileRef = CE46CC5C1AF9CD5C0054CF8A /* Reservation.m */; };
		CE46CC631AF9D6530054CF8A /* DatePickerViewController.m in Sources */ = {isa = PBXBuildFile; fileRef = CE46CC621AF9D6530054CF8A /* DatePickerViewController.m */; };
		CE46CC691AF9D96D0054CF8A /* StartDateViewController.m in Sources */ = {isa = PBXBuildFile; fileRef = CE46CC681AF9D96D0054CF8A /* StartDateViewController.m */; };
		CE46CC6C1AF9D9BA0054CF8A /* EndDateViewController.m in Sources */ = {isa = PBXBuildFile; fileRef = CE46CC6B1AF9D9BA0054CF8A /* EndDateViewController.m */; };
		CE46CC6F1AF9DBC50054CF8A /* AvailabilityTableViewController.m in Sources */ = {isa = PBXBuildFile; fileRef = CE46CC6E1AF9DBC50054CF8A /* AvailabilityTableViewController.m */; };
		CE46CC711AFA90730054CF8A /* checkin.jpg in Resources */ = {isa = PBXBuildFile; fileRef = CE46CC701AFA90730054CF8A /* checkin.jpg */; };
		CE46CC7D1AFC54710054CF8A /* MainMenuTableViewController.m in Sources */ = {isa = PBXBuildFile; fileRef = CE46CC7C1AFC54710054CF8A /* MainMenuTableViewController.m */; };
		CE46CC861AFC957E0054CF8A /* ReservationViewController.m in Sources */ = {isa = PBXBuildFile; fileRef = CE46CC851AFC957E0054CF8A /* ReservationViewController.m */; };
		CE718E3B1AFEB8AC001D90BE /* GuestNameViewController.m in Sources */ = {isa = PBXBuildFile; fileRef = CE718E3A1AFEB8AC001D90BE /* GuestNameViewController.m */; };
		CE718E3E1AFEBF3E001D90BE /* ReservationsByGuestTableViewController.m in Sources */ = {isa = PBXBuildFile; fileRef = CE718E3D1AFEBF3E001D90BE /* ReservationsByGuestTableViewController.m */; };
		CE718E4E1AFEF5BC001D90BE /* Guest.m in Sources */ = {isa = PBXBuildFile; fileRef = CE718E4D1AFEF5BC001D90BE /* Guest.m */; };
		CE718E511AFF079C001D90BE /* DecentHotel.jpeg in Resources */ = {isa = PBXBuildFile; fileRef = CE718E4F1AFF079C001D90BE /* DecentHotel.jpeg */; };
		CE718E521AFF079C001D90BE /* DecentRoom.jpeg in Resources */ = {isa = PBXBuildFile; fileRef = CE718E501AFF079C001D90BE /* DecentRoom.jpeg */; };
		CE718E551AFF0863001D90BE /* SeedyHotel.jpeg in Resources */ = {isa = PBXBuildFile; fileRef = CE718E531AFF0863001D90BE /* SeedyHotel.jpeg */; };
		CE718E561AFF0863001D90BE /* SeedyRoom.jpg in Resources */ = {isa = PBXBuildFile; fileRef = CE718E541AFF0863001D90BE /* SeedyRoom.jpg */; };
		CE718E591AFF0870001D90BE /* NiceHotel.jpeg in Resources */ = {isa = PBXBuildFile; fileRef = CE718E571AFF0870001D90BE /* NiceHotel.jpeg */; };
		CE718E5A1AFF0870001D90BE /* NiceRoom.jpeg in Resources */ = {isa = PBXBuildFile; fileRef = CE718E581AFF0870001D90BE /* NiceRoom.jpeg */; };
		CE718E5C1AFF0A4D001D90BE /* FancyHotel.jpeg in Resources */ = {isa = PBXBuildFile; fileRef = CE718E5B1AFF0A4D001D90BE /* FancyHotel.jpeg */; };
		CE7AF0051AF84349001B10A8 /* main.m in Sources */ = {isa = PBXBuildFile; fileRef = CE7AF0041AF84349001B10A8 /* main.m */; };
		CE7AF0081AF84349001B10A8 /* AppDelegate.m in Sources */ = {isa = PBXBuildFile; fileRef = CE7AF0071AF84349001B10A8 /* AppDelegate.m */; };
		CE7AF00B1AF8434A001B10A8 /* Hotels_CoreData.xcdatamodeld in Sources */ = {isa = PBXBuildFile; fileRef = CE7AF0091AF8434A001B10A8 /* Hotels_CoreData.xcdatamodeld */; };
		CE7AF0131AF8434A001B10A8 /* Images.xcassets in Resources */ = {isa = PBXBuildFile; fileRef = CE7AF0121AF8434A001B10A8 /* Images.xcassets */; };
		CE7AF0161AF8434A001B10A8 /* LaunchScreen.xib in Resources */ = {isa = PBXBuildFile; fileRef = CE7AF0141AF8434A001B10A8 /* LaunchScreen.xib */; };
		CE7AF02C1AF847A1001B10A8 /* seed.json in Resources */ = {isa = PBXBuildFile; fileRef = CE7AF02B1AF847A1001B10A8 /* seed.json */; };
		CE7AF03B1AF85081001B10A8 /* HotelListViewController.m in Sources */ = {isa = PBXBuildFile; fileRef = CE7AF03A1AF85081001B10A8 /* HotelListViewController.m */; };
		CE7AF0411AF870DE001B10A8 /* VanillaTableViewController.m in Sources */ = {isa = PBXBuildFile; fileRef = CE7AF0401AF870DE001B10A8 /* VanillaTableViewController.m */; };
		CE7AF0441AF87240001B10A8 /* RoomTableViewController.m in Sources */ = {isa = PBXBuildFile; fileRef = CE7AF0431AF87240001B10A8 /* RoomTableViewController.m */; };
		CE7AF0461AF92197001B10A8 /* Hotel.jpg in Resources */ = {isa = PBXBuildFile; fileRef = CE7AF0451AF92197001B10A8 /* Hotel.jpg */; };
		CE7AF0481AF921D0001B10A8 /* FancyRoom.jpg in Resources */ = {isa = PBXBuildFile; fileRef = CE7AF0471AF921D0001B10A8 /* FancyRoom.jpg */; };
		CE7AF04B1AF92215001B10A8 /* ImageResizer.m in Sources */ = {isa = PBXBuildFile; fileRef = CE7AF04A1AF92215001B10A8 /* ImageResizer.m */; };
		CEA6296D1AFFED7200E96F53 /* HotelServiceTests.m in Sources */ = {isa = PBXBuildFile; fileRef = CEA6296C1AFFED7200E96F53 /* HotelServiceTests.m */; };
		CEA6296F1AFFEE7D00E96F53 /* HotelServiceInitializationTests.m in Sources */ = {isa = PBXBuildFile; fileRef = CEA6296E1AFFEE7D00E96F53 /* HotelServiceInitializationTests.m */; };
		CEA629701AFFF87100E96F53 /* HotelService.m in Sources */ = {isa = PBXBuildFile; fileRef = CE46CC791AFBC5A20054CF8A /* HotelService.m */; };
		CEA629711AFFF87C00E96F53 /* CoreDataStack.m in Sources */ = {isa = PBXBuildFile; fileRef = CE46CC761AFBC4A00054CF8A /* CoreDataStack.m */; };
		CEA629721AFFF88600E96F53 /* JSONSeedParser.m in Sources */ = {isa = PBXBuildFile; fileRef = CE7AF0311AF84A09001B10A8 /* JSONSeedParser.m */; };
		CEA629731AFFF88B00E96F53 /* Hotel.m in Sources */ = {isa = PBXBuildFile; fileRef = CE718E4A1AFEF580001D90BE /* Hotel.m */; };
		CEA629751AFFF8BB00E96F53 /* CoreDataStack.m in Sources */ = {isa = PBXBuildFile; fileRef = CE46CC761AFBC4A00054CF8A /* CoreDataStack.m */; };
		CEA629761AFFF8BE00E96F53 /* JSONSeedParser.m in Sources */ = {isa = PBXBuildFile; fileRef = CE7AF0311AF84A09001B10A8 /* JSONSeedParser.m */; };
		CEA629771AFFF8C200E96F53 /* HotelService.m in Sources */ = {isa = PBXBuildFile; fileRef = CE46CC791AFBC5A20054CF8A /* HotelService.m */; };
		CEA629781AFFFAD400E96F53 /* Hotel.m in Sources */ = {isa = PBXBuildFile; fileRef = CE718E4A1AFEF580001D90BE /* Hotel.m */; };
		CEA629791AFFFDB000E96F53 /* Guest.m in Sources */ = {isa = PBXBuildFile; fileRef = CE718E4D1AFEF5BC001D90BE /* Guest.m */; };
		CEA6297A1AFFFDB400E96F53 /* Reservation.m in Sources */ = {isa = PBXBuildFile; fileRef = CE46CC5C1AF9CD5C0054CF8A /* Reservation.m */; };
		CEA6297B1AFFFDB800E96F53 /* Room.m in Sources */ = {isa = PBXBuildFile; fileRef = CE46CC591AF9CD5B0054CF8A /* Room.m */; };
/* End PBXBuildFile section */

/* Begin PBXContainerItemProxy section */
		CE7AF01C1AF8434A001B10A8 /* PBXContainerItemProxy */ = {
			isa = PBXContainerItemProxy;
			containerPortal = CE7AEFF71AF84349001B10A8 /* Project object */;
			proxyType = 1;
			remoteGlobalIDString = CE7AEFFE1AF84349001B10A8;
			remoteInfo = "Hotels-CoreData";
		};
/* End PBXContainerItemProxy section */

/* Begin PBXFileReference section */
		CE46CC581AF9CD5B0054CF8A /* Room.h */ = {isa = PBXFileReference; fileEncoding = 4; lastKnownFileType = sourcecode.c.h; name = Room.h; path = ../Room.h; sourceTree = "<group>"; };
		CE46CC591AF9CD5B0054CF8A /* Room.m */ = {isa = PBXFileReference; fileEncoding = 4; lastKnownFileType = sourcecode.c.objc; name = Room.m; path = ../Room.m; sourceTree = "<group>"; };
		CE46CC5B1AF9CD5C0054CF8A /* Reservation.h */ = {isa = PBXFileReference; fileEncoding = 4; lastKnownFileType = sourcecode.c.h; name = Reservation.h; path = ../Reservation.h; sourceTree = "<group>"; };
		CE46CC5C1AF9CD5C0054CF8A /* Reservation.m */ = {isa = PBXFileReference; fileEncoding = 4; lastKnownFileType = sourcecode.c.objc; name = Reservation.m; path = ../Reservation.m; sourceTree = "<group>"; };
		CE46CC611AF9D6530054CF8A /* DatePickerViewController.h */ = {isa = PBXFileReference; fileEncoding = 4; lastKnownFileType = sourcecode.c.h; path = DatePickerViewController.h; sourceTree = "<group>"; };
		CE46CC621AF9D6530054CF8A /* DatePickerViewController.m */ = {isa = PBXFileReference; fileEncoding = 4; lastKnownFileType = sourcecode.c.objc; path = DatePickerViewController.m; sourceTree = "<group>"; };
		CE46CC671AF9D96D0054CF8A /* StartDateViewController.h */ = {isa = PBXFileReference; fileEncoding = 4; lastKnownFileType = sourcecode.c.h; path = StartDateViewController.h; sourceTree = "<group>"; };
		CE46CC681AF9D96D0054CF8A /* StartDateViewController.m */ = {isa = PBXFileReference; fileEncoding = 4; lastKnownFileType = sourcecode.c.objc; path = StartDateViewController.m; sourceTree = "<group>"; };
		CE46CC6A1AF9D9BA0054CF8A /* EndDateViewController.h */ = {isa = PBXFileReference; fileEncoding = 4; lastKnownFileType = sourcecode.c.h; path = EndDateViewController.h; sourceTree = "<group>"; };
		CE46CC6B1AF9D9BA0054CF8A /* EndDateViewController.m */ = {isa = PBXFileReference; fileEncoding = 4; lastKnownFileType = sourcecode.c.objc; path = EndDateViewController.m; sourceTree = "<group>"; };
		CE46CC6D1AF9DBC50054CF8A /* AvailabilityTableViewController.h */ = {isa = PBXFileReference; fileEncoding = 4; lastKnownFileType = sourcecode.c.h; path = AvailabilityTableViewController.h; sourceTree = "<group>"; };
		CE46CC6E1AF9DBC50054CF8A /* AvailabilityTableViewController.m */ = {isa = PBXFileReference; fileEncoding = 4; lastKnownFileType = sourcecode.c.objc; path = AvailabilityTableViewController.m; sourceTree = "<group>"; };
		CE46CC701AFA90730054CF8A /* checkin.jpg */ = {isa = PBXFileReference; lastKnownFileType = image.jpeg; path = checkin.jpg; sourceTree = "<group>"; };
		CE46CC751AFBC4A00054CF8A /* CoreDataStack.h */ = {isa = PBXFileReference; fileEncoding = 4; lastKnownFileType = sourcecode.c.h; path = CoreDataStack.h; sourceTree = "<group>"; };
		CE46CC761AFBC4A00054CF8A /* CoreDataStack.m */ = {isa = PBXFileReference; fileEncoding = 4; lastKnownFileType = sourcecode.c.objc; path = CoreDataStack.m; sourceTree = "<group>"; };
		CE46CC781AFBC5A20054CF8A /* HotelService.h */ = {isa = PBXFileReference; fileEncoding = 4; lastKnownFileType = sourcecode.c.h; path = HotelService.h; sourceTree = "<group>"; };
		CE46CC791AFBC5A20054CF8A /* HotelService.m */ = {isa = PBXFileReference; fileEncoding = 4; lastKnownFileType = sourcecode.c.objc; path = HotelService.m; sourceTree = "<group>"; };
		CE46CC7B1AFC54710054CF8A /* MainMenuTableViewController.h */ = {isa = PBXFileReference; fileEncoding = 4; lastKnownFileType = sourcecode.c.h; path = MainMenuTableViewController.h; sourceTree = "<group>"; };
		CE46CC7C1AFC54710054CF8A /* MainMenuTableViewController.m */ = {isa = PBXFileReference; fileEncoding = 4; lastKnownFileType = sourcecode.c.objc; path = MainMenuTableViewController.m; sourceTree = "<group>"; };
		CE46CC841AFC957E0054CF8A /* ReservationViewController.h */ = {isa = PBXFileReference; fileEncoding = 4; lastKnownFileType = sourcecode.c.h; path = ReservationViewController.h; sourceTree = "<group>"; };
		CE46CC851AFC957E0054CF8A /* ReservationViewController.m */ = {isa = PBXFileReference; fileEncoding = 4; lastKnownFileType = sourcecode.c.objc; path = ReservationViewController.m; sourceTree = "<group>"; };
		CE718E381AFEB612001D90BE /* Hotels-CoreData.entitlements */ = {isa = PBXFileReference; lastKnownFileType = text.xml; path = "Hotels-CoreData.entitlements"; sourceTree = "<group>"; };
		CE718E391AFEB8AC001D90BE /* GuestNameViewController.h */ = {isa = PBXFileReference; fileEncoding = 4; lastKnownFileType = sourcecode.c.h; path = GuestNameViewController.h; sourceTree = "<group>"; };
		CE718E3A1AFEB8AC001D90BE /* GuestNameViewController.m */ = {isa = PBXFileReference; fileEncoding = 4; lastKnownFileType = sourcecode.c.objc; path = GuestNameViewController.m; sourceTree = "<group>"; };
		CE718E3C1AFEBF3E001D90BE /* ReservationsByGuestTableViewController.h */ = {isa = PBXFileReference; fileEncoding = 4; lastKnownFileType = sourcecode.c.h; path = ReservationsByGuestTableViewController.h; sourceTree = "<group>"; };
		CE718E3D1AFEBF3E001D90BE /* ReservationsByGuestTableViewController.m */ = {isa = PBXFileReference; fileEncoding = 4; lastKnownFileType = sourcecode.c.objc; path = ReservationsByGuestTableViewController.m; sourceTree = "<group>"; };
		CE718E3F1AFEEE5B001D90BE /* Hotels_CoreData 2.xcdatamodel */ = {isa = PBXFileReference; lastKnownFileType = wrapper.xcdatamodel; path = "Hotels_CoreData 2.xcdatamodel"; sourceTree = "<group>"; };
		CE718E491AFEF580001D90BE /* Hotel.h */ = {isa = PBXFileReference; fileEncoding = 4; lastKnownFileType = sourcecode.c.h; path = Hotel.h; sourceTree = "<group>"; };
		CE718E4A1AFEF580001D90BE /* Hotel.m */ = {isa = PBXFileReference; fileEncoding = 4; lastKnownFileType = sourcecode.c.objc; path = Hotel.m; sourceTree = "<group>"; };
		CE718E4C1AFEF5BC001D90BE /* Guest.h */ = {isa = PBXFileReference; fileEncoding = 4; lastKnownFileType = sourcecode.c.h; path = Guest.h; sourceTree = "<group>"; };
		CE718E4D1AFEF5BC001D90BE /* Guest.m */ = {isa = PBXFileReference; fileEncoding = 4; lastKnownFileType = sourcecode.c.objc; path = Guest.m; sourceTree = "<group>"; };
		CE718E4F1AFF079C001D90BE /* DecentHotel.jpeg */ = {isa = PBXFileReference; lastKnownFileType = image.jpeg; path = DecentHotel.jpeg; sourceTree = "<group>"; };
		CE718E501AFF079C001D90BE /* DecentRoom.jpeg */ = {isa = PBXFileReference; lastKnownFileType = image.jpeg; path = DecentRoom.jpeg; sourceTree = "<group>"; };
		CE718E531AFF0863001D90BE /* SeedyHotel.jpeg */ = {isa = PBXFileReference; lastKnownFileType = image.jpeg; path = SeedyHotel.jpeg; sourceTree = "<group>"; };
		CE718E541AFF0863001D90BE /* SeedyRoom.jpg */ = {isa = PBXFileReference; lastKnownFileType = image.jpeg; path = SeedyRoom.jpg; sourceTree = "<group>"; };
		CE718E571AFF0870001D90BE /* NiceHotel.jpeg */ = {isa = PBXFileReference; lastKnownFileType = image.jpeg; path = NiceHotel.jpeg; sourceTree = "<group>"; };
		CE718E581AFF0870001D90BE /* NiceRoom.jpeg */ = {isa = PBXFileReference; lastKnownFileType = image.jpeg; path = NiceRoom.jpeg; sourceTree = "<group>"; };
		CE718E5B1AFF0A4D001D90BE /* FancyHotel.jpeg */ = {isa = PBXFileReference; lastKnownFileType = image.jpeg; path = FancyHotel.jpeg; sourceTree = "<group>"; };
		CE7AEFFF1AF84349001B10A8 /* Hotels-CoreData.app */ = {isa = PBXFileReference; explicitFileType = wrapper.application; includeInIndex = 0; path = "Hotels-CoreData.app"; sourceTree = BUILT_PRODUCTS_DIR; };
		CE7AF0031AF84349001B10A8 /* Info.plist */ = {isa = PBXFileReference; lastKnownFileType = text.plist.xml; path = Info.plist; sourceTree = "<group>"; };
		CE7AF0041AF84349001B10A8 /* main.m */ = {isa = PBXFileReference; lastKnownFileType = sourcecode.c.objc; path = main.m; sourceTree = "<group>"; };
		CE7AF0061AF84349001B10A8 /* AppDelegate.h */ = {isa = PBXFileReference; lastKnownFileType = sourcecode.c.h; path = AppDelegate.h; sourceTree = "<group>"; };
		CE7AF0071AF84349001B10A8 /* AppDelegate.m */ = {isa = PBXFileReference; lastKnownFileType = sourcecode.c.objc; path = AppDelegate.m; sourceTree = "<group>"; };
		CE7AF00A1AF8434A001B10A8 /* Hotels_CoreData.xcdatamodel */ = {isa = PBXFileReference; lastKnownFileType = wrapper.xcdatamodel; path = Hotels_CoreData.xcdatamodel; sourceTree = "<group>"; };
		CE7AF0121AF8434A001B10A8 /* Images.xcassets */ = {isa = PBXFileReference; lastKnownFileType = folder.assetcatalog; path = Images.xcassets; sourceTree = "<group>"; };
		CE7AF0151AF8434A001B10A8 /* Base */ = {isa = PBXFileReference; lastKnownFileType = file.xib; name = Base; path = Base.lproj/LaunchScreen.xib; sourceTree = "<group>"; };
		CE7AF01B1AF8434A001B10A8 /* Hotels-CoreDataTests.xctest */ = {isa = PBXFileReference; explicitFileType = wrapper.cfbundle; includeInIndex = 0; path = "Hotels-CoreDataTests.xctest"; sourceTree = BUILT_PRODUCTS_DIR; };
		CE7AF0201AF8434A001B10A8 /* Info.plist */ = {isa = PBXFileReference; lastKnownFileType = text.plist.xml; path = Info.plist; sourceTree = "<group>"; };
		CE7AF02B1AF847A1001B10A8 /* seed.json */ = {isa = PBXFileReference; fileEncoding = 4; lastKnownFileType = text.json; path = seed.json; sourceTree = "<group>"; };
		CE7AF0301AF84A09001B10A8 /* JSONSeedParser.h */ = {isa = PBXFileReference; fileEncoding = 4; lastKnownFileType = sourcecode.c.h; path = JSONSeedParser.h; sourceTree = "<group>"; };
		CE7AF0311AF84A09001B10A8 /* JSONSeedParser.m */ = {isa = PBXFileReference; fileEncoding = 4; lastKnownFileType = sourcecode.c.objc; path = JSONSeedParser.m; sourceTree = "<group>"; };
		CE7AF0391AF85081001B10A8 /* HotelListViewController.h */ = {isa = PBXFileReference; fileEncoding = 4; lastKnownFileType = sourcecode.c.h; path = HotelListViewController.h; sourceTree = "<group>"; };
		CE7AF03A1AF85081001B10A8 /* HotelListViewController.m */ = {isa = PBXFileReference; fileEncoding = 4; lastKnownFileType = sourcecode.c.objc; path = HotelListViewController.m; sourceTree = "<group>"; };
		CE7AF03F1AF870DE001B10A8 /* VanillaTableViewController.h */ = {isa = PBXFileReference; fileEncoding = 4; lastKnownFileType = sourcecode.c.h; path = VanillaTableViewController.h; sourceTree = "<group>"; };
		CE7AF0401AF870DE001B10A8 /* VanillaTableViewController.m */ = {isa = PBXFileReference; fileEncoding = 4; lastKnownFileType = sourcecode.c.objc; path = VanillaTableViewController.m; sourceTree = "<group>"; };
		CE7AF0421AF87240001B10A8 /* RoomTableViewController.h */ = {isa = PBXFileReference; fileEncoding = 4; lastKnownFileType = sourcecode.c.h; path = RoomTableViewController.h; sourceTree = "<group>"; };
		CE7AF0431AF87240001B10A8 /* RoomTableViewController.m */ = {isa = PBXFileReference; fileEncoding = 4; lastKnownFileType = sourcecode.c.objc; path = RoomTableViewController.m; sourceTree = "<group>"; };
		CE7AF0451AF92197001B10A8 /* Hotel.jpg */ = {isa = PBXFileReference; lastKnownFileType = image.jpeg; path = Hotel.jpg; sourceTree = "<group>"; };
		CE7AF0471AF921D0001B10A8 /* FancyRoom.jpg */ = {isa = PBXFileReference; lastKnownFileType = image.jpeg; path = FancyRoom.jpg; sourceTree = "<group>"; };
		CE7AF0491AF92215001B10A8 /* ImageResizer.h */ = {isa = PBXFileReference; fileEncoding = 4; lastKnownFileType = sourcecode.c.h; path = ImageResizer.h; sourceTree = "<group>"; };
		CE7AF04A1AF92215001B10A8 /* ImageResizer.m */ = {isa = PBXFileReference; fileEncoding = 4; lastKnownFileType = sourcecode.c.objc; path = ImageResizer.m; sourceTree = "<group>"; };
		CEA6296C1AFFED7200E96F53 /* HotelServiceTests.m */ = {isa = PBXFileReference; fileEncoding = 4; lastKnownFileType = sourcecode.c.objc; path = HotelServiceTests.m; sourceTree = "<group>"; };
		CEA6296E1AFFEE7D00E96F53 /* HotelServiceInitializationTests.m */ = {isa = PBXFileReference; fileEncoding = 4; lastKnownFileType = sourcecode.c.objc; path = HotelServiceInitializationTests.m; sourceTree = "<group>"; };
/* End PBXFileReference section */

/* Begin PBXFrameworksBuildPhase section */
		CE7AEFFC1AF84349001B10A8 /* Frameworks */ = {
			isa = PBXFrameworksBuildPhase;
			buildActionMask = 2147483647;
			files = (
			);
			runOnlyForDeploymentPostprocessing = 0;
		};
		CE7AF0181AF8434A001B10A8 /* Frameworks */ = {
			isa = PBXFrameworksBuildPhase;
			buildActionMask = 2147483647;
			files = (
			);
			runOnlyForDeploymentPostprocessing = 0;
		};
/* End PBXFrameworksBuildPhase section */

/* Begin PBXGroup section */
		CE46CC871AFC9CAB0054CF8A /* Managed Objects */ = {
			isa = PBXGroup;
			children = (
				CE718E4C1AFEF5BC001D90BE /* Guest.h */,
				CE718E4D1AFEF5BC001D90BE /* Guest.m */,
				CE718E491AFEF580001D90BE /* Hotel.h */,
				CE718E4A1AFEF580001D90BE /* Hotel.m */,
				CE46CC5B1AF9CD5C0054CF8A /* Reservation.h */,
				CE46CC5C1AF9CD5C0054CF8A /* Reservation.m */,
				CE46CC581AF9CD5B0054CF8A /* Room.h */,
				CE46CC591AF9CD5B0054CF8A /* Room.m */,
			);
			name = "Managed Objects";
			sourceTree = "<group>";
		};
		CE7AEFF61AF84349001B10A8 = {
			isa = PBXGroup;
			children = (
				CE7AF0011AF84349001B10A8 /* Hotels-CoreData */,
				CE7AF01E1AF8434A001B10A8 /* Hotels-CoreDataTests */,
				CE7AF0001AF84349001B10A8 /* Products */,
			);
			sourceTree = "<group>";
		};
		CE7AF0001AF84349001B10A8 /* Products */ = {
			isa = PBXGroup;
			children = (
				CE7AEFFF1AF84349001B10A8 /* Hotels-CoreData.app */,
				CE7AF01B1AF8434A001B10A8 /* Hotels-CoreDataTests.xctest */,
			);
			name = Products;
			sourceTree = "<group>";
		};
		CE7AF0011AF84349001B10A8 /* Hotels-CoreData */ = {
			isa = PBXGroup;
			children = (
				CE718E381AFEB612001D90BE /* Hotels-CoreData.entitlements */,
				CE7AF0061AF84349001B10A8 /* AppDelegate.h */,
				CE7AF0071AF84349001B10A8 /* AppDelegate.m */,
				CE7AF0091AF8434A001B10A8 /* Hotels_CoreData.xcdatamodeld */,
				CE7AF03C1AF850A2001B10A8 /* View Controllers */,
				CE7AF03D1AF850BC001B10A8 /* Models */,
				CE46CC871AFC9CAB0054CF8A /* Managed Objects */,
				CE7AF0021AF84349001B10A8 /* Supporting Files */,
				CE7AF03E1AF850D0001B10A8 /* Views */,
			);
			path = "Hotels-CoreData";
			sourceTree = "<group>";
		};
		CE7AF0021AF84349001B10A8 /* Supporting Files */ = {
			isa = PBXGroup;
			children = (
				CE46CC611AF9D6530054CF8A /* DatePickerViewController.h */,
				CE46CC621AF9D6530054CF8A /* DatePickerViewController.m */,
				CE7AF03F1AF870DE001B10A8 /* VanillaTableViewController.h */,
				CE7AF0401AF870DE001B10A8 /* VanillaTableViewController.m */,
				CE7AF0491AF92215001B10A8 /* ImageResizer.h */,
				CE7AF04A1AF92215001B10A8 /* ImageResizer.m */,
				CE7AF0031AF84349001B10A8 /* Info.plist */,
				CE7AF0041AF84349001B10A8 /* main.m */,
				CE7AF02B1AF847A1001B10A8 /* seed.json */,
			);
			name = "Supporting Files";
			sourceTree = "<group>";
		};
		CE7AF01E1AF8434A001B10A8 /* Hotels-CoreDataTests */ = {
			isa = PBXGroup;
			children = (
				CEA6296C1AFFED7200E96F53 /* HotelServiceTests.m */,
				CEA6296E1AFFEE7D00E96F53 /* HotelServiceInitializationTests.m */,
				CE7AF01F1AF8434A001B10A8 /* Supporting Files */,
			);
			path = "Hotels-CoreDataTests";
			sourceTree = "<group>";
		};
		CE7AF01F1AF8434A001B10A8 /* Supporting Files */ = {
			isa = PBXGroup;
			children = (
				CE7AF0201AF8434A001B10A8 /* Info.plist */,
			);
			name = "Supporting Files";
			sourceTree = "<group>";
		};
		CE7AF03C1AF850A2001B10A8 /* View Controllers */ = {
			isa = PBXGroup;
			children = (
				CE46CC841AFC957E0054CF8A /* ReservationViewController.h */,
				CE46CC851AFC957E0054CF8A /* ReservationViewController.m */,
				CE46CC7B1AFC54710054CF8A /* MainMenuTableViewController.h */,
				CE46CC7C1AFC54710054CF8A /* MainMenuTableViewController.m */,
				CE718E391AFEB8AC001D90BE /* GuestNameViewController.h */,
				CE718E3A1AFEB8AC001D90BE /* GuestNameViewController.m */,
				CE718E3C1AFEBF3E001D90BE /* ReservationsByGuestTableViewController.h */,
				CE718E3D1AFEBF3E001D90BE /* ReservationsByGuestTableViewController.m */,
				CE46CC671AF9D96D0054CF8A /* StartDateViewController.h */,
				CE46CC681AF9D96D0054CF8A /* StartDateViewController.m */,
				CE46CC6A1AF9D9BA0054CF8A /* EndDateViewController.h */,
				CE46CC6B1AF9D9BA0054CF8A /* EndDateViewController.m */,
				CE46CC6D1AF9DBC50054CF8A /* AvailabilityTableViewController.h */,
				CE46CC6E1AF9DBC50054CF8A /* AvailabilityTableViewController.m */,
				CE7AF0391AF85081001B10A8 /* HotelListViewController.h */,
				CE7AF03A1AF85081001B10A8 /* HotelListViewController.m */,
				CE7AF0421AF87240001B10A8 /* RoomTableViewController.h */,
				CE7AF0431AF87240001B10A8 /* RoomTableViewController.m */,
			);
			name = "View Controllers";
			sourceTree = "<group>";
		};
		CE7AF03D1AF850BC001B10A8 /* Models */ = {
			isa = PBXGroup;
			children = (
				CE46CC781AFBC5A20054CF8A /* HotelService.h */,
				CE46CC791AFBC5A20054CF8A /* HotelService.m */,
				CE7AF0301AF84A09001B10A8 /* JSONSeedParser.h */,
				CE7AF0311AF84A09001B10A8 /* JSONSeedParser.m */,
				CE46CC751AFBC4A00054CF8A /* CoreDataStack.h */,
				CE46CC761AFBC4A00054CF8A /* CoreDataStack.m */,
			);
			name = Models;
			sourceTree = "<group>";
		};
		CE7AF03E1AF850D0001B10A8 /* Views */ = {
			isa = PBXGroup;
			children = (
				CE7AF0141AF8434A001B10A8 /* LaunchScreen.xib */,
				CE7AF0121AF8434A001B10A8 /* Images.xcassets */,
				CE718E4F1AFF079C001D90BE /* DecentHotel.jpeg */,
				CE718E501AFF079C001D90BE /* DecentRoom.jpeg */,
				CE718E571AFF0870001D90BE /* NiceHotel.jpeg */,
				CE718E581AFF0870001D90BE /* NiceRoom.jpeg */,
				CE718E531AFF0863001D90BE /* SeedyHotel.jpeg */,
				CE718E541AFF0863001D90BE /* SeedyRoom.jpg */,
				CE718E5B1AFF0A4D001D90BE /* FancyHotel.jpeg */,
				CE7AF0471AF921D0001B10A8 /* FancyRoom.jpg */,
				CE7AF0451AF92197001B10A8 /* Hotel.jpg */,
				CE46CC701AFA90730054CF8A /* checkin.jpg */,
			);
			name = Views;
			sourceTree = "<group>";
		};
/* End PBXGroup section */

/* Begin PBXNativeTarget section */
		CE7AEFFE1AF84349001B10A8 /* Hotels-CoreData */ = {
			isa = PBXNativeTarget;
			buildConfigurationList = CE7AF0251AF8434A001B10A8 /* Build configuration list for PBXNativeTarget "Hotels-CoreData" */;
			buildPhases = (
				CE7AEFFB1AF84349001B10A8 /* Sources */,
				CE7AEFFC1AF84349001B10A8 /* Frameworks */,
				CE7AEFFD1AF84349001B10A8 /* Resources */,
			);
			buildRules = (
			);
			dependencies = (
			);
			name = "Hotels-CoreData";
			productName = "Hotels-CoreData";
			productReference = CE7AEFFF1AF84349001B10A8 /* Hotels-CoreData.app */;
			productType = "com.apple.product-type.application";
		};
		CE7AF01A1AF8434A001B10A8 /* Hotels-CoreDataTests */ = {
			isa = PBXNativeTarget;
			buildConfigurationList = CE7AF0281AF8434A001B10A8 /* Build configuration list for PBXNativeTarget "Hotels-CoreDataTests" */;
			buildPhases = (
				CE7AF0171AF8434A001B10A8 /* Sources */,
				CE7AF0181AF8434A001B10A8 /* Frameworks */,
				CE7AF0191AF8434A001B10A8 /* Resources */,
			);
			buildRules = (
			);
			dependencies = (
				CE7AF01D1AF8434A001B10A8 /* PBXTargetDependency */,
			);
			name = "Hotels-CoreDataTests";
			productName = "Hotels-CoreDataTests";
			productReference = CE7AF01B1AF8434A001B10A8 /* Hotels-CoreDataTests.xctest */;
			productType = "com.apple.product-type.bundle.unit-test";
		};
/* End PBXNativeTarget section */

/* Begin PBXProject section */
		CE7AEFF71AF84349001B10A8 /* Project object */ = {
			isa = PBXProject;
			attributes = {
				LastUpgradeCheck = 0630;
				ORGANIZATIONNAME = Craig_Chaillie;
				TargetAttributes = {
					CE7AEFFE1AF84349001B10A8 = {
						CreatedOnToolsVersion = 6.3.1;
						DevelopmentTeam = WHUH8MR63N;
						SystemCapabilities = {
							com.apple.iCloud = {
								enabled = 0;
							};
						};
					};
					CE7AF01A1AF8434A001B10A8 = {
						CreatedOnToolsVersion = 6.3.1;
						TestTargetID = CE7AEFFE1AF84349001B10A8;
					};
				};
			};
			buildConfigurationList = CE7AEFFA1AF84349001B10A8 /* Build configuration list for PBXProject "Hotels-CoreData" */;
			compatibilityVersion = "Xcode 3.2";
			developmentRegion = English;
			hasScannedForEncodings = 0;
			knownRegions = (
				en,
				Base,
			);
			mainGroup = CE7AEFF61AF84349001B10A8;
			productRefGroup = CE7AF0001AF84349001B10A8 /* Products */;
			projectDirPath = "";
			projectRoot = "";
			targets = (
				CE7AEFFE1AF84349001B10A8 /* Hotels-CoreData */,
				CE7AF01A1AF8434A001B10A8 /* Hotels-CoreDataTests */,
			);
		};
/* End PBXProject section */

/* Begin PBXResourcesBuildPhase section */
		CE7AEFFD1AF84349001B10A8 /* Resources */ = {
			isa = PBXResourcesBuildPhase;
			buildActionMask = 2147483647;
			files = (
				CE7AF0461AF92197001B10A8 /* Hotel.jpg in Resources */,
				CE7AF0481AF921D0001B10A8 /* FancyRoom.jpg in Resources */,
				CE7AF0161AF8434A001B10A8 /* LaunchScreen.xib in Resources */,
				CE718E521AFF079C001D90BE /* DecentRoom.jpeg in Resources */,
				CE718E511AFF079C001D90BE /* DecentHotel.jpeg in Resources */,
				CE718E561AFF0863001D90BE /* SeedyRoom.jpg in Resources */,
				CE46CC711AFA90730054CF8A /* checkin.jpg in Resources */,
				CE718E551AFF0863001D90BE /* SeedyHotel.jpeg in Resources */,
				CE7AF02C1AF847A1001B10A8 /* seed.json in Resources */,
				CE718E5A1AFF0870001D90BE /* NiceRoom.jpeg in Resources */,
				CE7AF0131AF8434A001B10A8 /* Images.xcassets in Resources */,
				CE718E5C1AFF0A4D001D90BE /* FancyHotel.jpeg in Resources */,
				CE718E591AFF0870001D90BE /* NiceHotel.jpeg in Resources */,
			);
			runOnlyForDeploymentPostprocessing = 0;
		};
		CE7AF0191AF8434A001B10A8 /* Resources */ = {
			isa = PBXResourcesBuildPhase;
			buildActionMask = 2147483647;
			files = (
			);
			runOnlyForDeploymentPostprocessing = 0;
		};
/* End PBXResourcesBuildPhase section */

/* Begin PBXSourcesBuildPhase section */
		CE7AEFFB1AF84349001B10A8 /* Sources */ = {
			isa = PBXSourcesBuildPhase;
			buildActionMask = 2147483647;
			files = (
				CE46CC5D1AF9CD5C0054CF8A /* Reservation.m in Sources */,
				CE46CC5A1AF9CD5B0054CF8A /* Room.m in Sources */,
				CE7AF04B1AF92215001B10A8 /* ImageResizer.m in Sources */,
				CE46CC691AF9D96D0054CF8A /* StartDateViewController.m in Sources */,
				CEA629781AFFFAD400E96F53 /* Hotel.m in Sources */,
				CE46CC6C1AF9D9BA0054CF8A /* EndDateViewController.m in Sources */,
				CE46CC7D1AFC54710054CF8A /* MainMenuTableViewController.m in Sources */,
				CE7AF03B1AF85081001B10A8 /* HotelListViewController.m in Sources */,
				CE7AF0081AF84349001B10A8 /* AppDelegate.m in Sources */,
				CE7AF0051AF84349001B10A8 /* main.m in Sources */,
				CE46CC6F1AF9DBC50054CF8A /* AvailabilityTableViewController.m in Sources */,
				CE46CC631AF9D6530054CF8A /* DatePickerViewController.m in Sources */,
				CE718E3E1AFEBF3E001D90BE /* ReservationsByGuestTableViewController.m in Sources */,
				CEA629761AFFF8BE00E96F53 /* JSONSeedParser.m in Sources */,
				CE718E3B1AFEB8AC001D90BE /* GuestNameViewController.m in Sources */,
				CEA629771AFFF8C200E96F53 /* HotelService.m in Sources */,
				CE7AF0411AF870DE001B10A8 /* VanillaTableViewController.m in Sources */,
				CE7AF0441AF87240001B10A8 /* RoomTableViewController.m in Sources */,
				CEA629751AFFF8BB00E96F53 /* CoreDataStack.m in Sources */,
				CE7AF00B1AF8434A001B10A8 /* Hotels_CoreData.xcdatamodeld in Sources */,
				CE718E4E1AFEF5BC001D90BE /* Guest.m in Sources */,
				CE46CC861AFC957E0054CF8A /* ReservationViewController.m in Sources */,
			);
			runOnlyForDeploymentPostprocessing = 0;
		};
		CE7AF0171AF8434A001B10A8 /* Sources */ = {
			isa = PBXSourcesBuildPhase;
			buildActionMask = 2147483647;
			files = (
				CEA629731AFFF88B00E96F53 /* Hotel.m in Sources */,
				CEA6296D1AFFED7200E96F53 /* HotelServiceTests.m in Sources */,
				CEA6297A1AFFFDB400E96F53 /* Reservation.m in Sources */,
				CEA6297B1AFFFDB800E96F53 /* Room.m in Sources */,
				CEA629791AFFFDB000E96F53 /* Guest.m in Sources */,
				CEA629701AFFF87100E96F53 /* HotelService.m in Sources */,
				CEA6296F1AFFEE7D00E96F53 /* HotelServiceInitializationTests.m in Sources */,
				CEA629711AFFF87C00E96F53 /* CoreDataStack.m in Sources */,
				CEA629721AFFF88600E96F53 /* JSONSeedParser.m in Sources */,
			);
			runOnlyForDeploymentPostprocessing = 0;
		};
/* End PBXSourcesBuildPhase section */

/* Begin PBXTargetDependency section */
		CE7AF01D1AF8434A001B10A8 /* PBXTargetDependency */ = {
			isa = PBXTargetDependency;
			target = CE7AEFFE1AF84349001B10A8 /* Hotels-CoreData */;
			targetProxy = CE7AF01C1AF8434A001B10A8 /* PBXContainerItemProxy */;
		};
/* End PBXTargetDependency section */

/* Begin PBXVariantGroup section */
		CE7AF0141AF8434A001B10A8 /* LaunchScreen.xib */ = {
			isa = PBXVariantGroup;
			children = (
				CE7AF0151AF8434A001B10A8 /* Base */,
			);
			name = LaunchScreen.xib;
			sourceTree = "<group>";
		};
/* End PBXVariantGroup section */

/* Begin XCBuildConfiguration section */
		CE7AF0231AF8434A001B10A8 /* Debug */ = {
			isa = XCBuildConfiguration;
			buildSettings = {
				ALWAYS_SEARCH_USER_PATHS = NO;
				CLANG_CXX_LANGUAGE_STANDARD = "gnu++0x";
				CLANG_CXX_LIBRARY = "libc++";
				CLANG_ENABLE_MODULES = YES;
				CLANG_ENABLE_OBJC_ARC = YES;
				CLANG_WARN_BOOL_CONVERSION = YES;
				CLANG_WARN_CONSTANT_CONVERSION = YES;
				CLANG_WARN_DIRECT_OBJC_ISA_USAGE = YES_ERROR;
				CLANG_WARN_EMPTY_BODY = YES;
				CLANG_WARN_ENUM_CONVERSION = YES;
				CLANG_WARN_INT_CONVERSION = YES;
				CLANG_WARN_OBJC_ROOT_CLASS = YES_ERROR;
				CLANG_WARN_UNREACHABLE_CODE = YES;
				CLANG_WARN__DUPLICATE_METHOD_MATCH = YES;
				"CODE_SIGN_IDENTITY[sdk=iphoneos*]" = "iPhone Developer";
				COPY_PHASE_STRIP = NO;
				DEBUG_INFORMATION_FORMAT = "dwarf-with-dsym";
				ENABLE_STRICT_OBJC_MSGSEND = YES;
				GCC_C_LANGUAGE_STANDARD = gnu99;
				GCC_DYNAMIC_NO_PIC = NO;
				GCC_NO_COMMON_BLOCKS = YES;
				GCC_OPTIMIZATION_LEVEL = 0;
				GCC_PREPROCESSOR_DEFINITIONS = (
					"DEBUG=1",
					"$(inherited)",
				);
				GCC_SYMBOLS_PRIVATE_EXTERN = NO;
				GCC_WARN_64_TO_32_BIT_CONVERSION = YES;
				GCC_WARN_ABOUT_RETURN_TYPE = YES_ERROR;
				GCC_WARN_UNDECLARED_SELECTOR = YES;
				GCC_WARN_UNINITIALIZED_AUTOS = YES_AGGRESSIVE;
				GCC_WARN_UNUSED_FUNCTION = YES;
				GCC_WARN_UNUSED_VARIABLE = YES;
				IPHONEOS_DEPLOYMENT_TARGET = 8.3;
				MTL_ENABLE_DEBUG_INFO = YES;
				ONLY_ACTIVE_ARCH = YES;
				SDKROOT = iphoneos;
				TARGETED_DEVICE_FAMILY = "1,2";
			};
			name = Debug;
		};
		CE7AF0241AF8434A001B10A8 /* Release */ = {
			isa = XCBuildConfiguration;
			buildSettings = {
				ALWAYS_SEARCH_USER_PATHS = NO;
				CLANG_CXX_LANGUAGE_STANDARD = "gnu++0x";
				CLANG_CXX_LIBRARY = "libc++";
				CLANG_ENABLE_MODULES = YES;
				CLANG_ENABLE_OBJC_ARC = YES;
				CLANG_WARN_BOOL_CONVERSION = YES;
				CLANG_WARN_CONSTANT_CONVERSION = YES;
				CLANG_WARN_DIRECT_OBJC_ISA_USAGE = YES_ERROR;
				CLANG_WARN_EMPTY_BODY = YES;
				CLANG_WARN_ENUM_CONVERSION = YES;
				CLANG_WARN_INT_CONVERSION = YES;
				CLANG_WARN_OBJC_ROOT_CLASS = YES_ERROR;
				CLANG_WARN_UNREACHABLE_CODE = YES;
				CLANG_WARN__DUPLICATE_METHOD_MATCH = YES;
				"CODE_SIGN_IDENTITY[sdk=iphoneos*]" = "iPhone Developer";
				COPY_PHASE_STRIP = NO;
				DEBUG_INFORMATION_FORMAT = "dwarf-with-dsym";
				ENABLE_NS_ASSERTIONS = NO;
				ENABLE_STRICT_OBJC_MSGSEND = YES;
				GCC_C_LANGUAGE_STANDARD = gnu99;
				GCC_NO_COMMON_BLOCKS = YES;
				GCC_WARN_64_TO_32_BIT_CONVERSION = YES;
				GCC_WARN_ABOUT_RETURN_TYPE = YES_ERROR;
				GCC_WARN_UNDECLARED_SELECTOR = YES;
				GCC_WARN_UNINITIALIZED_AUTOS = YES_AGGRESSIVE;
				GCC_WARN_UNUSED_FUNCTION = YES;
				GCC_WARN_UNUSED_VARIABLE = YES;
				IPHONEOS_DEPLOYMENT_TARGET = 8.3;
				MTL_ENABLE_DEBUG_INFO = NO;
				SDKROOT = iphoneos;
				TARGETED_DEVICE_FAMILY = "1,2";
				VALIDATE_PRODUCT = YES;
			};
			name = Release;
		};
		CE7AF0261AF8434A001B10A8 /* Debug */ = {
			isa = XCBuildConfiguration;
			buildSettings = {
				ASSETCATALOG_COMPILER_APPICON_NAME = AppIcon;
				CODE_SIGN_IDENTITY = "iPhone Developer";
				"CODE_SIGN_IDENTITY[sdk=iphoneos*]" = "iPhone Developer";
				INFOPLIST_FILE = "Hotels-CoreData/Info.plist";
				LD_RUNPATH_SEARCH_PATHS = "$(inherited) @executable_path/Frameworks";
				PRODUCT_NAME = "$(TARGET_NAME)";
				PROVISIONING_PROFILE = "";
			};
			name = Debug;
		};
		CE7AF0271AF8434A001B10A8 /* Release */ = {
			isa = XCBuildConfiguration;
			buildSettings = {
				ASSETCATALOG_COMPILER_APPICON_NAME = AppIcon;
				CODE_SIGN_IDENTITY = "iPhone Developer";
				"CODE_SIGN_IDENTITY[sdk=iphoneos*]" = "iPhone Developer";
				INFOPLIST_FILE = "Hotels-CoreData/Info.plist";
				LD_RUNPATH_SEARCH_PATHS = "$(inherited) @executable_path/Frameworks";
				PRODUCT_NAME = "$(TARGET_NAME)";
				PROVISIONING_PROFILE = "";
			};
			name = Release;
		};
		CE7AF0291AF8434A001B10A8 /* Debug */ = {
			isa = XCBuildConfiguration;
			buildSettings = {
				BUNDLE_LOADER = "$(TEST_HOST)";
				FRAMEWORK_SEARCH_PATHS = (
					"$(SDKROOT)/Developer/Library/Frameworks",
					"$(inherited)",
				);
				GCC_PREPROCESSOR_DEFINITIONS = (
					"DEBUG=1",
					"$(inherited)",
				);
				INFOPLIST_FILE = "Hotels-CoreDataTests/Info.plist";
				LD_RUNPATH_SEARCH_PATHS = "$(inherited) @executable_path/Frameworks @loader_path/Frameworks";
				PRODUCT_NAME = "$(TARGET_NAME)";
				TEST_HOST = "$(BUILT_PRODUCTS_DIR)/Hotels-CoreData.app/Hotels-CoreData";
			};
			name = Debug;
		};
		CE7AF02A1AF8434A001B10A8 /* Release */ = {
			isa = XCBuildConfiguration;
			buildSettings = {
				BUNDLE_LOADER = "$(TEST_HOST)";
				FRAMEWORK_SEARCH_PATHS = (
					"$(SDKROOT)/Developer/Library/Frameworks",
					"$(inherited)",
				);
				INFOPLIST_FILE = "Hotels-CoreDataTests/Info.plist";
				LD_RUNPATH_SEARCH_PATHS = "$(inherited) @executable_path/Frameworks @loader_path/Frameworks";
				PRODUCT_NAME = "$(TARGET_NAME)";
				TEST_HOST = "$(BUILT_PRODUCTS_DIR)/Hotels-CoreData.app/Hotels-CoreData";
			};
			name = Release;
		};
/* End XCBuildConfiguration section */

/* Begin XCConfigurationList section */
		CE7AEFFA1AF84349001B10A8 /* Build configuration list for PBXProject "Hotels-CoreData" */ = {
			isa = XCConfigurationList;
			buildConfigurations = (
				CE7AF0231AF8434A001B10A8 /* Debug */,
				CE7AF0241AF8434A001B10A8 /* Release */,
			);
			defaultConfigurationIsVisible = 0;
			defaultConfigurationName = Release;
		};
		CE7AF0251AF8434A001B10A8 /* Build configuration list for PBXNativeTarget "Hotels-CoreData" */ = {
			isa = XCConfigurationList;
			buildConfigurations = (
				CE7AF0261AF8434A001B10A8 /* Debug */,
				CE7AF0271AF8434A001B10A8 /* Release */,
			);
			defaultConfigurationIsVisible = 0;
			defaultConfigurationName = Release;
		};
		CE7AF0281AF8434A001B10A8 /* Build configuration list for PBXNativeTarget "Hotels-CoreDataTests" */ = {
			isa = XCConfigurationList;
			buildConfigurations = (
				CE7AF0291AF8434A001B10A8 /* Debug */,
				CE7AF02A1AF8434A001B10A8 /* Release */,
			);
			defaultConfigurationIsVisible = 0;
			defaultConfigurationName = Release;
		};
/* End XCConfigurationList section */

/* Begin XCVersionGroup section */
		CE7AF0091AF8434A001B10A8 /* Hotels_CoreData.xcdatamodeld */ = {
			isa = XCVersionGroup;
			children = (
				CE718E3F1AFEEE5B001D90BE /* Hotels_CoreData 2.xcdatamodel */,
				CE7AF00A1AF8434A001B10A8 /* Hotels_CoreData.xcdatamodel */,
			);
			currentVersion = CE718E3F1AFEEE5B001D90BE /* Hotels_CoreData 2.xcdatamodel */;
			path = Hotels_CoreData.xcdatamodeld;
			sourceTree = "<group>";
			versionGroupType = wrapper.xcdatamodel;
		};
/* End XCVersionGroup section */
	};
	rootObject = CE7AEFF71AF84349001B10A8 /* Project object */;
}
